
Microsoft Visual Studio Solution File, Format Version 12.00
# Visual Studio 2013
VisualStudioVersion = 12.0.40629.0
MinimumVisualStudioVersion = 10.0.40219.1
Project("{8BC9CEB8-8B4A-11D0-8D11-00A0C91BC942}") = "BEMProc16c", "BEMProc\BEMProc16c.vcxproj", "{56BD94E8-8F93-4D18-92BF-CF92C977CF12}"
EndProject
Project("{8BC9CEB8-8B4A-11D0-8D11-00A0C91BC942}") = "BEMCmpMgr16c", "BEMCmpMgr\BEMCmpMgr16c.vcxproj", "{56BD94E8-8F93-4D18-92BF-CF92C977CF14}"
	ProjectSection(ProjectDependencies) = postProject
		{D055228A-2A65-4E38-91E2-A312FE694EEA} = {D055228A-2A65-4E38-91E2-A312FE694EEA}
		{56BD94E8-8F93-4D18-92BF-CF92C977CF12} = {56BD94E8-8F93-4D18-92BF-CF92C977CF12}
	EndProjectSection
EndProject
Project("{8BC9CEB8-8B4A-11D0-8D11-00A0C91BC942}") = "OS_Wrap16", "OS_Wrap\OS_Wrap16.vcxproj", "{D055228A-2A65-4E38-91E2-A312FE694EEA}"
EndProject
Project("{8BC9CEB8-8B4A-11D0-8D11-00A0C91BC942}") = "BEMCompiler16c", "BEMCompiler\BEMCompiler16c.vcxproj", "{279D3172-26A6-36BC-8187-1EFC28579FE3}"
	ProjectSection(ProjectDependencies) = postProject
		{56BD94E8-8F93-4D18-92BF-CF92C977CF12} = {56BD94E8-8F93-4D18-92BF-CF92C977CF12}
	EndProjectSection
EndProject
Project("{8BC9CEB8-8B4A-11D0-8D11-00A0C91BC942}") = "BEMTest16c", "BEMTest\BEMTest16c.vcxproj", "{279D3172-26A6-36BC-8187-1EFC28579FE4}"
	ProjectSection(ProjectDependencies) = postProject
		{56BD94E8-8F93-4D18-92BF-CF92C977CF12} = {56BD94E8-8F93-4D18-92BF-CF92C977CF12}
		{56BD94E8-8F93-4D18-92BF-CF92C977CF14} = {56BD94E8-8F93-4D18-92BF-CF92C977CF14}
	EndProjectSection
EndProject
Project("{8BC9CEB8-8B4A-11D0-8D11-00A0C91BC942}") = "BEMProcUI16c", "BEMProcUI\BEMProcUI16c.vcxproj", "{6F465328-30A9-43D7-B8A7-D7740A222016}"
	ProjectSection(ProjectDependencies) = postProject
		{56BD94E8-8F93-4D18-92BF-CF92C977CF12} = {56BD94E8-8F93-4D18-92BF-CF92C977CF12}
	EndProjectSection
EndProject
Project("{8BC9CEB8-8B4A-11D0-8D11-00A0C91BC942}") = "CBECC-Com16", "CBECCUI\CBECC-Com16.vcxproj", "{F0C54B66-3BD9-4C9E-9AA0-5640412F3883}"
	ProjectSection(ProjectDependencies) = postProject
		{6F465328-30A9-43D7-B8A7-D7740A222016} = {6F465328-30A9-43D7-B8A7-D7740A222016}
		{56BD94E8-8F93-4D18-92BF-CF92C977CF12} = {56BD94E8-8F93-4D18-92BF-CF92C977CF12}
		{56BD94E8-8F93-4D18-92BF-CF92C977CF14} = {56BD94E8-8F93-4D18-92BF-CF92C977CF14}
	EndProjectSection
EndProject
Project("{8BC9CEB8-8B4A-11D0-8D11-00A0C91BC942}") = "BEMProc16r", "BEMProc\BEMProc16r.vcxproj", "{6EB9DFB2-5437-4632-9187-87353A12BF16}"
EndProject
Project("{8BC9CEB8-8B4A-11D0-8D11-00A0C91BC942}") = "BEMCmpMgr16r", "BEMCmpMgr\BEMCmpMgr16r.vcxproj", "{1ED8DFB2-6BE8-4244-9290-3BB63D219271}"
	ProjectSection(ProjectDependencies) = postProject
		{6EB9DFB2-5437-4632-9187-87353A12BF16} = {6EB9DFB2-5437-4632-9187-87353A12BF16}
	EndProjectSection
EndProject
Project("{8BC9CEB8-8B4A-11D0-8D11-00A0C91BC942}") = "BEMProcUI16r", "BEMProcUI\BEMProcUI16r.vcxproj", "{23BC6728-99A6-488F-A900-131A1DF783FE}"
	ProjectSection(ProjectDependencies) = postProject
		{6EB9DFB2-5437-4632-9187-87353A12BF16} = {6EB9DFB2-5437-4632-9187-87353A12BF16}
	EndProjectSection
EndProject
Project("{8BC9CEB8-8B4A-11D0-8D11-00A0C91BC942}") = "CBECC-Res16", "CBECCUI\CBECC-Res16.vcxproj", "{E18291F4-F66C-45A6-BE33-275FC8BF4276}"
	ProjectSection(ProjectDependencies) = postProject
		{23BC6728-99A6-488F-A900-131A1DF783FE} = {23BC6728-99A6-488F-A900-131A1DF783FE}
		{6EB9DFB2-5437-4632-9187-87353A12BF16} = {6EB9DFB2-5437-4632-9187-87353A12BF16}
		{1ED8DFB2-6BE8-4244-9290-3BB63D219271} = {1ED8DFB2-6BE8-4244-9290-3BB63D219271}
	EndProjectSection
EndProject
Project("{8BC9CEB8-8B4A-11D0-8D11-00A0C91BC942}") = "BEMCompiler16r", "BEMCompiler\BEMCompiler16r.vcxproj", "{614C37C6-2B91-49B3-8692-B8F5E4470300}"
	ProjectSection(ProjectDependencies) = postProject
		{6EB9DFB2-5437-4632-9187-87353A12BF16} = {6EB9DFB2-5437-4632-9187-87353A12BF16}
	EndProjectSection
EndProject
Project("{8BC9CEB8-8B4A-11D0-8D11-00A0C91BC942}") = "BEMProc19c", "BEMProc\BEMProc19c.vcxproj", "{1DD233D0-9840-4EDE-A53D-B87BD87E1D50}"
EndProject
Project("{8BC9CEB8-8B4A-11D0-8D11-00A0C91BC942}") = "BEMProc19r", "BEMProc\BEMProc19r.vcxproj", "{B3E950CA-D3E8-4212-9DD0-1B9695C1BF26}"
EndProject
Project("{8BC9CEB8-8B4A-11D0-8D11-00A0C91BC942}") = "OS_Wrap19", "OS_Wrap\OS_Wrap19.vcxproj", "{F8C0FD47-9EBD-4A5B-ADEB-4BEC4D4F271C}"
EndProject
Project("{8BC9CEB8-8B4A-11D0-8D11-00A0C91BC942}") = "BEMCmpMgr19c", "BEMCmpMgr\BEMCmpMgr19c.vcxproj", "{DFC67BE2-7123-42B2-A277-139EBF3D5C34}"
	ProjectSection(ProjectDependencies) = postProject
		{F8C0FD47-9EBD-4A5B-ADEB-4BEC4D4F271C} = {F8C0FD47-9EBD-4A5B-ADEB-4BEC4D4F271C}
		{1DD233D0-9840-4EDE-A53D-B87BD87E1D50} = {1DD233D0-9840-4EDE-A53D-B87BD87E1D50}
	EndProjectSection
EndProject
Project("{8BC9CEB8-8B4A-11D0-8D11-00A0C91BC942}") = "BEMCmpMgr19r", "BEMCmpMgr\BEMCmpMgr19r.vcxproj", "{3B1568FE-5373-421D-B37B-2B0C916D2BB7}"
	ProjectSection(ProjectDependencies) = postProject
		{B3E950CA-D3E8-4212-9DD0-1B9695C1BF26} = {B3E950CA-D3E8-4212-9DD0-1B9695C1BF26}
	EndProjectSection
EndProject
Project("{8BC9CEB8-8B4A-11D0-8D11-00A0C91BC942}") = "BEMProcUI19c", "BEMProcUI\BEMProcUI19c.vcxproj", "{6F465328-30A9-43D7-B8A7-D7740A222191}"
	ProjectSection(ProjectDependencies) = postProject
		{1DD233D0-9840-4EDE-A53D-B87BD87E1D50} = {1DD233D0-9840-4EDE-A53D-B87BD87E1D50}
	EndProjectSection
EndProject
Project("{8BC9CEB8-8B4A-11D0-8D11-00A0C91BC942}") = "BEMProcUI19r", "BEMProcUI\BEMProcUI19r.vcxproj", "{23BC6728-99A6-488F-A900-131A1DF78192}"
	ProjectSection(ProjectDependencies) = postProject
		{B3E950CA-D3E8-4212-9DD0-1B9695C1BF26} = {B3E950CA-D3E8-4212-9DD0-1B9695C1BF26}
	EndProjectSection
EndProject
Project("{8BC9CEB8-8B4A-11D0-8D11-00A0C91BC942}") = "CBECC-Com19", "CBECCUI\CBECC-Com19.vcxproj", "{F0C54B66-3BD9-4C9E-9AA0-5640412F3191}"
	ProjectSection(ProjectDependencies) = postProject
		{6F465328-30A9-43D7-B8A7-D7740A222191} = {6F465328-30A9-43D7-B8A7-D7740A222191}
		{1DD233D0-9840-4EDE-A53D-B87BD87E1D50} = {1DD233D0-9840-4EDE-A53D-B87BD87E1D50}
		{DFC67BE2-7123-42B2-A277-139EBF3D5C34} = {DFC67BE2-7123-42B2-A277-139EBF3D5C34}
	EndProjectSection
EndProject
Project("{8BC9CEB8-8B4A-11D0-8D11-00A0C91BC942}") = "CBECC-Res19", "CBECCUI\CBECC-Res19.vcxproj", "{E18291F4-F66C-45A6-BE33-275FC8BF4192}"
	ProjectSection(ProjectDependencies) = postProject
		{23BC6728-99A6-488F-A900-131A1DF78192} = {23BC6728-99A6-488F-A900-131A1DF78192}
		{B3E950CA-D3E8-4212-9DD0-1B9695C1BF26} = {B3E950CA-D3E8-4212-9DD0-1B9695C1BF26}
		{3B1568FE-5373-421D-B37B-2B0C916D2BB7} = {3B1568FE-5373-421D-B37B-2B0C916D2BB7}
	EndProjectSection
EndProject
Project("{8BC9CEB8-8B4A-11D0-8D11-00A0C91BC942}") = "BEMProc22c", "BEMProc\BEMProc22c.vcxproj", "{1DD233D0-9840-4EDE-A53D-B87BD87E1D22}"
EndProject
Project("{8BC9CEB8-8B4A-11D0-8D11-00A0C91BC942}") = "OS_Wrap22", "OS_Wrap\OS_Wrap22.vcxproj", "{F8C0FD47-9EBD-4A5B-ADEB-4BEC4D4F2722}"
EndProject
Project("{8BC9CEB8-8B4A-11D0-8D11-00A0C91BC942}") = "BEMProcUI22c", "BEMProcUI\BEMProcUI22c.vcxproj", "{6F465328-30A9-43D7-B8A7-D7740A222122}"
	ProjectSection(ProjectDependencies) = postProject
		{1DD233D0-9840-4EDE-A53D-B87BD87E1D22} = {1DD233D0-9840-4EDE-A53D-B87BD87E1D22}
	EndProjectSection
EndProject
Project("{8BC9CEB8-8B4A-11D0-8D11-00A0C91BC942}") = "BEMCompiler19c", "BEMCompiler\BEMCompiler19c.vcxproj", "{279D3172-26A6-36BC-8187-1EFC28579F19}"
	ProjectSection(ProjectDependencies) = postProject
		{1DD233D0-9840-4EDE-A53D-B87BD87E1D50} = {1DD233D0-9840-4EDE-A53D-B87BD87E1D50}
	EndProjectSection
EndProject
Project("{8BC9CEB8-8B4A-11D0-8D11-00A0C91BC942}") = "BEMCompiler19r", "BEMCompiler\BEMCompiler19r.vcxproj", "{614C37C6-2B91-49B3-8692-B8F5E4470319}"
	ProjectSection(ProjectDependencies) = postProject
		{B3E950CA-D3E8-4212-9DD0-1B9695C1BF26} = {B3E950CA-D3E8-4212-9DD0-1B9695C1BF26}
	EndProjectSection
EndProject
Project("{8BC9CEB8-8B4A-11D0-8D11-00A0C91BC942}") = "BEMCmpMgr22c", "BEMCmpMgr\BEMCmpMgr22c.vcxproj", "{DFC67BE2-7123-42B2-A277-139EBF3D5C22}"
	ProjectSection(ProjectDependencies) = postProject
		{F8C0FD47-9EBD-4A5B-ADEB-4BEC4D4F2722} = {F8C0FD47-9EBD-4A5B-ADEB-4BEC4D4F2722}
		{1DD233D0-9840-4EDE-A53D-B87BD87E1D22} = {1DD233D0-9840-4EDE-A53D-B87BD87E1D22}
	EndProjectSection
EndProject
Project("{8BC9CEB8-8B4A-11D0-8D11-00A0C91BC942}") = "CBECC-Com22", "CBECCUI\CBECC-Com22.vcxproj", "{F0C54B66-3BD9-4C9E-9AA0-5640412F3122}"
	ProjectSection(ProjectDependencies) = postProject
		{6F465328-30A9-43D7-B8A7-D7740A222122} = {6F465328-30A9-43D7-B8A7-D7740A222122}
		{1DD233D0-9840-4EDE-A53D-B87BD87E1D22} = {1DD233D0-9840-4EDE-A53D-B87BD87E1D22}
		{DFC67BE2-7123-42B2-A277-139EBF3D5C22} = {DFC67BE2-7123-42B2-A277-139EBF3D5C22}
	EndProjectSection
EndProject
Project("{8BC9CEB8-8B4A-11D0-8D11-00A0C91BC942}") = "BEMProc22r", "BEMProc\BEMProc22r.vcxproj", "{B3E950CA-D3E8-4212-9DD0-1B9695C1BF22}"
EndProject
Project("{8BC9CEB8-8B4A-11D0-8D11-00A0C91BC942}") = "BEMCompiler22c", "BEMCompiler\BEMCompiler22c.vcxproj", "{279D3172-26A6-36BC-8187-1EFC28579F22}"
	ProjectSection(ProjectDependencies) = postProject
		{1DD233D0-9840-4EDE-A53D-B87BD87E1D22} = {1DD233D0-9840-4EDE-A53D-B87BD87E1D22}
	EndProjectSection
EndProject
Project("{8BC9CEB8-8B4A-11D0-8D11-00A0C91BC942}") = "BEMCompiler22r", "BEMCompiler\BEMCompiler22r.vcxproj", "{614C37C6-2B91-49B3-8692-B8F5E4470322}"
	ProjectSection(ProjectDependencies) = postProject
		{B3E950CA-D3E8-4212-9DD0-1B9695C1BF22} = {B3E950CA-D3E8-4212-9DD0-1B9695C1BF22}
	EndProjectSection
EndProject
Project("{8BC9CEB8-8B4A-11D0-8D11-00A0C91BC942}") = "BEMCmpMgr22r", "BEMCmpMgr\BEMCmpMgr22r.vcxproj", "{3B1568FE-5373-421D-B37B-2B0C916D2B22}"
	ProjectSection(ProjectDependencies) = postProject
		{B3E950CA-D3E8-4212-9DD0-1B9695C1BF22} = {B3E950CA-D3E8-4212-9DD0-1B9695C1BF22}
	EndProjectSection
EndProject
Project("{8BC9CEB8-8B4A-11D0-8D11-00A0C91BC942}") = "BEMProcUI22r", "BEMProcUI\BEMProcUI22r.vcxproj", "{23BC6728-99A6-488F-A900-131A1DF78122}"
	ProjectSection(ProjectDependencies) = postProject
		{B3E950CA-D3E8-4212-9DD0-1B9695C1BF22} = {B3E950CA-D3E8-4212-9DD0-1B9695C1BF22}
	EndProjectSection
EndProject
Project("{8BC9CEB8-8B4A-11D0-8D11-00A0C91BC942}") = "CBECC-Res22", "CBECCUI\CBECC-Res22.vcxproj", "{E18291F4-F66C-45A6-BE33-275FC8BF4122}"
	ProjectSection(ProjectDependencies) = postProject
		{23BC6728-99A6-488F-A900-131A1DF78122} = {23BC6728-99A6-488F-A900-131A1DF78122}
		{B3E950CA-D3E8-4212-9DD0-1B9695C1BF22} = {B3E950CA-D3E8-4212-9DD0-1B9695C1BF22}
		{3B1568FE-5373-421D-B37B-2B0C916D2B22} = {3B1568FE-5373-421D-B37B-2B0C916D2B22}
	EndProjectSection
EndProject
Global
	GlobalSection(SolutionConfigurationPlatforms) = preSolution
		Debug|Win32 = Debug|Win32
		Debug|x64 = Debug|x64
		Release|Win32 = Release|Win32
		Release|x64 = Release|x64
	EndGlobalSection
	GlobalSection(ProjectConfigurationPlatforms) = postSolution
		{56BD94E8-8F93-4D18-92BF-CF92C977CF12}.Debug|Win32.ActiveCfg = Debug|Win32
		{56BD94E8-8F93-4D18-92BF-CF92C977CF12}.Debug|Win32.Build.0 = Debug|Win32
		{56BD94E8-8F93-4D18-92BF-CF92C977CF12}.Debug|x64.ActiveCfg = Debug|x64
		{56BD94E8-8F93-4D18-92BF-CF92C977CF12}.Debug|x64.Build.0 = Debug|x64
		{56BD94E8-8F93-4D18-92BF-CF92C977CF12}.Release|Win32.ActiveCfg = Release|Win32
		{56BD94E8-8F93-4D18-92BF-CF92C977CF12}.Release|Win32.Build.0 = Release|Win32
		{56BD94E8-8F93-4D18-92BF-CF92C977CF12}.Release|x64.ActiveCfg = Release|x64
		{56BD94E8-8F93-4D18-92BF-CF92C977CF12}.Release|x64.Build.0 = Release|x64
		{56BD94E8-8F93-4D18-92BF-CF92C977CF14}.Debug|Win32.ActiveCfg = Debug|Win32
		{56BD94E8-8F93-4D18-92BF-CF92C977CF14}.Debug|Win32.Build.0 = Debug|Win32
		{56BD94E8-8F93-4D18-92BF-CF92C977CF14}.Debug|x64.ActiveCfg = Debug|x64
		{56BD94E8-8F93-4D18-92BF-CF92C977CF14}.Debug|x64.Build.0 = Debug|x64
		{56BD94E8-8F93-4D18-92BF-CF92C977CF14}.Release|Win32.ActiveCfg = Release|Win32
		{56BD94E8-8F93-4D18-92BF-CF92C977CF14}.Release|Win32.Build.0 = Release|Win32
		{56BD94E8-8F93-4D18-92BF-CF92C977CF14}.Release|x64.ActiveCfg = Release|x64
		{56BD94E8-8F93-4D18-92BF-CF92C977CF14}.Release|x64.Build.0 = Release|x64
		{D055228A-2A65-4E38-91E2-A312FE694EEA}.Debug|Win32.ActiveCfg = Debug|Win32
		{D055228A-2A65-4E38-91E2-A312FE694EEA}.Debug|Win32.Build.0 = Debug|Win32
		{D055228A-2A65-4E38-91E2-A312FE694EEA}.Debug|x64.ActiveCfg = Debug|x64
		{D055228A-2A65-4E38-91E2-A312FE694EEA}.Debug|x64.Build.0 = Debug|x64
		{D055228A-2A65-4E38-91E2-A312FE694EEA}.Release|Win32.ActiveCfg = Release|Win32
		{D055228A-2A65-4E38-91E2-A312FE694EEA}.Release|Win32.Build.0 = Release|Win32
		{D055228A-2A65-4E38-91E2-A312FE694EEA}.Release|x64.ActiveCfg = Release|x64
		{D055228A-2A65-4E38-91E2-A312FE694EEA}.Release|x64.Build.0 = Release|x64
		{279D3172-26A6-36BC-8187-1EFC28579FE3}.Debug|Win32.ActiveCfg = Debug|Win32
		{279D3172-26A6-36BC-8187-1EFC28579FE3}.Debug|Win32.Build.0 = Debug|Win32
		{279D3172-26A6-36BC-8187-1EFC28579FE3}.Debug|x64.ActiveCfg = Debug|x64
		{279D3172-26A6-36BC-8187-1EFC28579FE3}.Debug|x64.Build.0 = Debug|x64
		{279D3172-26A6-36BC-8187-1EFC28579FE3}.Release|Win32.ActiveCfg = Release|Win32
		{279D3172-26A6-36BC-8187-1EFC28579FE3}.Release|Win32.Build.0 = Release|Win32
		{279D3172-26A6-36BC-8187-1EFC28579FE3}.Release|x64.ActiveCfg = Release|x64
		{279D3172-26A6-36BC-8187-1EFC28579FE3}.Release|x64.Build.0 = Release|x64
		{279D3172-26A6-36BC-8187-1EFC28579FE4}.Debug|Win32.ActiveCfg = Debug|Win32
		{279D3172-26A6-36BC-8187-1EFC28579FE4}.Debug|Win32.Build.0 = Debug|Win32
		{279D3172-26A6-36BC-8187-1EFC28579FE4}.Debug|x64.ActiveCfg = Debug|x64
		{279D3172-26A6-36BC-8187-1EFC28579FE4}.Debug|x64.Build.0 = Debug|x64
		{279D3172-26A6-36BC-8187-1EFC28579FE4}.Release|Win32.ActiveCfg = Release|Win32
		{279D3172-26A6-36BC-8187-1EFC28579FE4}.Release|Win32.Build.0 = Release|Win32
		{279D3172-26A6-36BC-8187-1EFC28579FE4}.Release|x64.ActiveCfg = Release|x64
		{279D3172-26A6-36BC-8187-1EFC28579FE4}.Release|x64.Build.0 = Release|x64
		{6F465328-30A9-43D7-B8A7-D7740A222016}.Debug|Win32.ActiveCfg = Debug|Win32
		{6F465328-30A9-43D7-B8A7-D7740A222016}.Debug|Win32.Build.0 = Debug|Win32
		{6F465328-30A9-43D7-B8A7-D7740A222016}.Debug|x64.ActiveCfg = Debug|x64
		{6F465328-30A9-43D7-B8A7-D7740A222016}.Debug|x64.Build.0 = Debug|x64
		{6F465328-30A9-43D7-B8A7-D7740A222016}.Release|Win32.ActiveCfg = Release|Win32
		{6F465328-30A9-43D7-B8A7-D7740A222016}.Release|Win32.Build.0 = Release|Win32
		{6F465328-30A9-43D7-B8A7-D7740A222016}.Release|x64.ActiveCfg = Release|x64
		{6F465328-30A9-43D7-B8A7-D7740A222016}.Release|x64.Build.0 = Release|x64
		{F0C54B66-3BD9-4C9E-9AA0-5640412F3883}.Debug|Win32.ActiveCfg = Debug|Win32
		{F0C54B66-3BD9-4C9E-9AA0-5640412F3883}.Debug|Win32.Build.0 = Debug|Win32
		{F0C54B66-3BD9-4C9E-9AA0-5640412F3883}.Debug|x64.ActiveCfg = Debug|x64
		{F0C54B66-3BD9-4C9E-9AA0-5640412F3883}.Debug|x64.Build.0 = Debug|x64
		{F0C54B66-3BD9-4C9E-9AA0-5640412F3883}.Release|Win32.ActiveCfg = Release|Win32
		{F0C54B66-3BD9-4C9E-9AA0-5640412F3883}.Release|Win32.Build.0 = Release|Win32
		{F0C54B66-3BD9-4C9E-9AA0-5640412F3883}.Release|x64.ActiveCfg = Release|x64
		{F0C54B66-3BD9-4C9E-9AA0-5640412F3883}.Release|x64.Build.0 = Release|x64
		{6EB9DFB2-5437-4632-9187-87353A12BF16}.Debug|Win32.ActiveCfg = Debug|Win32
		{6EB9DFB2-5437-4632-9187-87353A12BF16}.Debug|Win32.Build.0 = Debug|Win32
		{6EB9DFB2-5437-4632-9187-87353A12BF16}.Debug|x64.ActiveCfg = Debug|x64
		{6EB9DFB2-5437-4632-9187-87353A12BF16}.Debug|x64.Build.0 = Debug|x64
		{6EB9DFB2-5437-4632-9187-87353A12BF16}.Release|Win32.ActiveCfg = Release|Win32
		{6EB9DFB2-5437-4632-9187-87353A12BF16}.Release|Win32.Build.0 = Release|Win32
		{6EB9DFB2-5437-4632-9187-87353A12BF16}.Release|x64.ActiveCfg = Release|x64
		{6EB9DFB2-5437-4632-9187-87353A12BF16}.Release|x64.Build.0 = Release|x64
		{1ED8DFB2-6BE8-4244-9290-3BB63D219271}.Debug|Win32.ActiveCfg = Debug|Win32
		{1ED8DFB2-6BE8-4244-9290-3BB63D219271}.Debug|Win32.Build.0 = Debug|Win32
		{1ED8DFB2-6BE8-4244-9290-3BB63D219271}.Debug|x64.ActiveCfg = Debug|x64
		{1ED8DFB2-6BE8-4244-9290-3BB63D219271}.Debug|x64.Build.0 = Debug|x64
		{1ED8DFB2-6BE8-4244-9290-3BB63D219271}.Release|Win32.ActiveCfg = Release|Win32
		{1ED8DFB2-6BE8-4244-9290-3BB63D219271}.Release|Win32.Build.0 = Release|Win32
		{1ED8DFB2-6BE8-4244-9290-3BB63D219271}.Release|x64.ActiveCfg = Release|x64
		{1ED8DFB2-6BE8-4244-9290-3BB63D219271}.Release|x64.Build.0 = Release|x64
		{23BC6728-99A6-488F-A900-131A1DF783FE}.Debug|Win32.ActiveCfg = Debug|Win32
		{23BC6728-99A6-488F-A900-131A1DF783FE}.Debug|Win32.Build.0 = Debug|Win32
		{23BC6728-99A6-488F-A900-131A1DF783FE}.Debug|x64.ActiveCfg = Debug|x64
		{23BC6728-99A6-488F-A900-131A1DF783FE}.Debug|x64.Build.0 = Debug|x64
		{23BC6728-99A6-488F-A900-131A1DF783FE}.Release|Win32.ActiveCfg = Release|Win32
		{23BC6728-99A6-488F-A900-131A1DF783FE}.Release|Win32.Build.0 = Release|Win32
		{23BC6728-99A6-488F-A900-131A1DF783FE}.Release|x64.ActiveCfg = Release|x64
		{23BC6728-99A6-488F-A900-131A1DF783FE}.Release|x64.Build.0 = Release|x64
		{E18291F4-F66C-45A6-BE33-275FC8BF4276}.Debug|Win32.ActiveCfg = Debug|Win32
		{E18291F4-F66C-45A6-BE33-275FC8BF4276}.Debug|Win32.Build.0 = Debug|Win32
		{E18291F4-F66C-45A6-BE33-275FC8BF4276}.Debug|x64.ActiveCfg = Debug|x64
		{E18291F4-F66C-45A6-BE33-275FC8BF4276}.Debug|x64.Build.0 = Debug|x64
		{E18291F4-F66C-45A6-BE33-275FC8BF4276}.Release|Win32.ActiveCfg = Release|Win32
		{E18291F4-F66C-45A6-BE33-275FC8BF4276}.Release|Win32.Build.0 = Release|Win32
		{E18291F4-F66C-45A6-BE33-275FC8BF4276}.Release|x64.ActiveCfg = Release|x64
		{E18291F4-F66C-45A6-BE33-275FC8BF4276}.Release|x64.Build.0 = Release|x64
		{614C37C6-2B91-49B3-8692-B8F5E4470300}.Debug|Win32.ActiveCfg = Debug|Win32
		{614C37C6-2B91-49B3-8692-B8F5E4470300}.Debug|Win32.Build.0 = Debug|Win32
		{614C37C6-2B91-49B3-8692-B8F5E4470300}.Debug|x64.ActiveCfg = Debug|x64
		{614C37C6-2B91-49B3-8692-B8F5E4470300}.Debug|x64.Build.0 = Debug|x64
		{614C37C6-2B91-49B3-8692-B8F5E4470300}.Release|Win32.ActiveCfg = Release|Win32
		{614C37C6-2B91-49B3-8692-B8F5E4470300}.Release|Win32.Build.0 = Release|Win32
		{614C37C6-2B91-49B3-8692-B8F5E4470300}.Release|x64.ActiveCfg = Release|x64
		{614C37C6-2B91-49B3-8692-B8F5E4470300}.Release|x64.Build.0 = Release|x64
		{1DD233D0-9840-4EDE-A53D-B87BD87E1D50}.Debug|Win32.ActiveCfg = Debug|Win32
		{1DD233D0-9840-4EDE-A53D-B87BD87E1D50}.Debug|Win32.Build.0 = Debug|Win32
		{1DD233D0-9840-4EDE-A53D-B87BD87E1D50}.Debug|x64.ActiveCfg = Debug|x64
		{1DD233D0-9840-4EDE-A53D-B87BD87E1D50}.Debug|x64.Build.0 = Debug|x64
		{1DD233D0-9840-4EDE-A53D-B87BD87E1D50}.Release|Win32.ActiveCfg = Release|Win32
		{1DD233D0-9840-4EDE-A53D-B87BD87E1D50}.Release|Win32.Build.0 = Release|Win32
		{1DD233D0-9840-4EDE-A53D-B87BD87E1D50}.Release|x64.ActiveCfg = Release|x64
		{1DD233D0-9840-4EDE-A53D-B87BD87E1D50}.Release|x64.Build.0 = Release|x64
		{B3E950CA-D3E8-4212-9DD0-1B9695C1BF26}.Debug|Win32.ActiveCfg = Debug|Win32
		{B3E950CA-D3E8-4212-9DD0-1B9695C1BF26}.Debug|Win32.Build.0 = Debug|Win32
		{B3E950CA-D3E8-4212-9DD0-1B9695C1BF26}.Debug|x64.ActiveCfg = Debug|x64
		{B3E950CA-D3E8-4212-9DD0-1B9695C1BF26}.Debug|x64.Build.0 = Debug|x64
		{B3E950CA-D3E8-4212-9DD0-1B9695C1BF26}.Release|Win32.ActiveCfg = Release|Win32
		{B3E950CA-D3E8-4212-9DD0-1B9695C1BF26}.Release|Win32.Build.0 = Release|Win32
		{B3E950CA-D3E8-4212-9DD0-1B9695C1BF26}.Release|x64.ActiveCfg = Release|x64
		{B3E950CA-D3E8-4212-9DD0-1B9695C1BF26}.Release|x64.Build.0 = Release|x64
		{F8C0FD47-9EBD-4A5B-ADEB-4BEC4D4F271C}.Debug|Win32.ActiveCfg = Debug|Win32
		{F8C0FD47-9EBD-4A5B-ADEB-4BEC4D4F271C}.Debug|Win32.Build.0 = Debug|Win32
		{F8C0FD47-9EBD-4A5B-ADEB-4BEC4D4F271C}.Debug|x64.ActiveCfg = Debug|x64
		{F8C0FD47-9EBD-4A5B-ADEB-4BEC4D4F271C}.Debug|x64.Build.0 = Debug|x64
		{F8C0FD47-9EBD-4A5B-ADEB-4BEC4D4F271C}.Release|Win32.ActiveCfg = Release|Win32
		{F8C0FD47-9EBD-4A5B-ADEB-4BEC4D4F271C}.Release|Win32.Build.0 = Release|Win32
		{F8C0FD47-9EBD-4A5B-ADEB-4BEC4D4F271C}.Release|x64.ActiveCfg = Release|x64
		{F8C0FD47-9EBD-4A5B-ADEB-4BEC4D4F271C}.Release|x64.Build.0 = Release|x64
		{DFC67BE2-7123-42B2-A277-139EBF3D5C34}.Debug|Win32.ActiveCfg = Debug|Win32
		{DFC67BE2-7123-42B2-A277-139EBF3D5C34}.Debug|Win32.Build.0 = Debug|Win32
		{DFC67BE2-7123-42B2-A277-139EBF3D5C34}.Debug|x64.ActiveCfg = Debug|x64
		{DFC67BE2-7123-42B2-A277-139EBF3D5C34}.Debug|x64.Build.0 = Debug|x64
		{DFC67BE2-7123-42B2-A277-139EBF3D5C34}.Release|Win32.ActiveCfg = Release|Win32
		{DFC67BE2-7123-42B2-A277-139EBF3D5C34}.Release|Win32.Build.0 = Release|Win32
		{DFC67BE2-7123-42B2-A277-139EBF3D5C34}.Release|x64.ActiveCfg = Release|x64
		{DFC67BE2-7123-42B2-A277-139EBF3D5C34}.Release|x64.Build.0 = Release|x64
		{3B1568FE-5373-421D-B37B-2B0C916D2BB7}.Debug|Win32.ActiveCfg = Debug|Win32
		{3B1568FE-5373-421D-B37B-2B0C916D2BB7}.Debug|Win32.Build.0 = Debug|Win32
		{3B1568FE-5373-421D-B37B-2B0C916D2BB7}.Debug|x64.ActiveCfg = Debug|x64
		{3B1568FE-5373-421D-B37B-2B0C916D2BB7}.Debug|x64.Build.0 = Debug|x64
		{3B1568FE-5373-421D-B37B-2B0C916D2BB7}.Release|Win32.ActiveCfg = Release|Win32
		{3B1568FE-5373-421D-B37B-2B0C916D2BB7}.Release|Win32.Build.0 = Release|Win32
		{3B1568FE-5373-421D-B37B-2B0C916D2BB7}.Release|x64.ActiveCfg = Release|x64
		{3B1568FE-5373-421D-B37B-2B0C916D2BB7}.Release|x64.Build.0 = Release|x64
		{6F465328-30A9-43D7-B8A7-D7740A222191}.Debug|Win32.ActiveCfg = Debug|Win32
		{6F465328-30A9-43D7-B8A7-D7740A222191}.Debug|Win32.Build.0 = Debug|Win32
		{6F465328-30A9-43D7-B8A7-D7740A222191}.Debug|x64.ActiveCfg = Debug|x64
		{6F465328-30A9-43D7-B8A7-D7740A222191}.Debug|x64.Build.0 = Debug|x64
		{6F465328-30A9-43D7-B8A7-D7740A222191}.Release|Win32.ActiveCfg = Release|Win32
		{6F465328-30A9-43D7-B8A7-D7740A222191}.Release|Win32.Build.0 = Release|Win32
		{6F465328-30A9-43D7-B8A7-D7740A222191}.Release|x64.ActiveCfg = Release|x64
		{6F465328-30A9-43D7-B8A7-D7740A222191}.Release|x64.Build.0 = Release|x64
		{23BC6728-99A6-488F-A900-131A1DF78192}.Debug|Win32.ActiveCfg = Debug|Win32
		{23BC6728-99A6-488F-A900-131A1DF78192}.Debug|Win32.Build.0 = Debug|Win32
		{23BC6728-99A6-488F-A900-131A1DF78192}.Debug|x64.ActiveCfg = Debug|x64
		{23BC6728-99A6-488F-A900-131A1DF78192}.Debug|x64.Build.0 = Debug|x64
		{23BC6728-99A6-488F-A900-131A1DF78192}.Release|Win32.ActiveCfg = Release|Win32
		{23BC6728-99A6-488F-A900-131A1DF78192}.Release|Win32.Build.0 = Release|Win32
		{23BC6728-99A6-488F-A900-131A1DF78192}.Release|x64.ActiveCfg = Release|x64
		{23BC6728-99A6-488F-A900-131A1DF78192}.Release|x64.Build.0 = Release|x64
		{F0C54B66-3BD9-4C9E-9AA0-5640412F3191}.Debug|Win32.ActiveCfg = Debug|Win32
		{F0C54B66-3BD9-4C9E-9AA0-5640412F3191}.Debug|Win32.Build.0 = Debug|Win32
		{F0C54B66-3BD9-4C9E-9AA0-5640412F3191}.Debug|x64.ActiveCfg = Debug|x64
		{F0C54B66-3BD9-4C9E-9AA0-5640412F3191}.Debug|x64.Build.0 = Debug|x64
		{F0C54B66-3BD9-4C9E-9AA0-5640412F3191}.Release|Win32.ActiveCfg = Release|Win32
		{F0C54B66-3BD9-4C9E-9AA0-5640412F3191}.Release|Win32.Build.0 = Release|Win32
		{F0C54B66-3BD9-4C9E-9AA0-5640412F3191}.Release|x64.ActiveCfg = Release|x64
		{F0C54B66-3BD9-4C9E-9AA0-5640412F3191}.Release|x64.Build.0 = Release|x64
		{E18291F4-F66C-45A6-BE33-275FC8BF4192}.Debug|Win32.ActiveCfg = Debug|Win32
		{E18291F4-F66C-45A6-BE33-275FC8BF4192}.Debug|Win32.Build.0 = Debug|Win32
		{E18291F4-F66C-45A6-BE33-275FC8BF4192}.Debug|x64.ActiveCfg = Debug|x64
		{E18291F4-F66C-45A6-BE33-275FC8BF4192}.Debug|x64.Build.0 = Debug|x64
		{E18291F4-F66C-45A6-BE33-275FC8BF4192}.Release|Win32.ActiveCfg = Release|Win32
		{E18291F4-F66C-45A6-BE33-275FC8BF4192}.Release|Win32.Build.0 = Release|Win32
		{E18291F4-F66C-45A6-BE33-275FC8BF4192}.Release|x64.ActiveCfg = Release|x64
		{E18291F4-F66C-45A6-BE33-275FC8BF4192}.Release|x64.Build.0 = Release|x64
		{1DD233D0-9840-4EDE-A53D-B87BD87E1D22}.Debug|Win32.ActiveCfg = Debug|Win32
		{1DD233D0-9840-4EDE-A53D-B87BD87E1D22}.Debug|Win32.Build.0 = Debug|Win32
		{1DD233D0-9840-4EDE-A53D-B87BD87E1D22}.Debug|x64.ActiveCfg = Debug|x64
		{1DD233D0-9840-4EDE-A53D-B87BD87E1D22}.Debug|x64.Build.0 = Debug|x64
		{1DD233D0-9840-4EDE-A53D-B87BD87E1D22}.Release|Win32.ActiveCfg = Release|Win32
		{1DD233D0-9840-4EDE-A53D-B87BD87E1D22}.Release|Win32.Build.0 = Release|Win32
		{1DD233D0-9840-4EDE-A53D-B87BD87E1D22}.Release|x64.ActiveCfg = Release|x64
		{1DD233D0-9840-4EDE-A53D-B87BD87E1D22}.Release|x64.Build.0 = Release|x64
		{F8C0FD47-9EBD-4A5B-ADEB-4BEC4D4F2722}.Debug|Win32.ActiveCfg = Debug|Win32
		{F8C0FD47-9EBD-4A5B-ADEB-4BEC4D4F2722}.Debug|Win32.Build.0 = Debug|Win32
		{F8C0FD47-9EBD-4A5B-ADEB-4BEC4D4F2722}.Debug|x64.ActiveCfg = Debug|x64
		{F8C0FD47-9EBD-4A5B-ADEB-4BEC4D4F2722}.Debug|x64.Build.0 = Debug|x64
		{F8C0FD47-9EBD-4A5B-ADEB-4BEC4D4F2722}.Release|Win32.ActiveCfg = Release|Win32
		{F8C0FD47-9EBD-4A5B-ADEB-4BEC4D4F2722}.Release|Win32.Build.0 = Release|Win32
		{F8C0FD47-9EBD-4A5B-ADEB-4BEC4D4F2722}.Release|x64.ActiveCfg = Release|x64
		{F8C0FD47-9EBD-4A5B-ADEB-4BEC4D4F2722}.Release|x64.Build.0 = Release|x64
		{6F465328-30A9-43D7-B8A7-D7740A222122}.Debug|Win32.ActiveCfg = Debug|Win32
		{6F465328-30A9-43D7-B8A7-D7740A222122}.Debug|Win32.Build.0 = Debug|Win32
		{6F465328-30A9-43D7-B8A7-D7740A222122}.Debug|x64.ActiveCfg = Debug|x64
		{6F465328-30A9-43D7-B8A7-D7740A222122}.Debug|x64.Build.0 = Debug|x64
		{6F465328-30A9-43D7-B8A7-D7740A222122}.Release|Win32.ActiveCfg = Release|Win32
		{6F465328-30A9-43D7-B8A7-D7740A222122}.Release|Win32.Build.0 = Release|Win32
		{6F465328-30A9-43D7-B8A7-D7740A222122}.Release|x64.ActiveCfg = Release|x64
		{6F465328-30A9-43D7-B8A7-D7740A222122}.Release|x64.Build.0 = Release|x64
		{279D3172-26A6-36BC-8187-1EFC28579F19}.Debug|Win32.ActiveCfg = Debug|Win32
		{279D3172-26A6-36BC-8187-1EFC28579F19}.Debug|Win32.Build.0 = Debug|Win32
		{279D3172-26A6-36BC-8187-1EFC28579F19}.Debug|x64.ActiveCfg = Debug|x64
		{279D3172-26A6-36BC-8187-1EFC28579F19}.Debug|x64.Build.0 = Debug|x64
		{279D3172-26A6-36BC-8187-1EFC28579F19}.Release|Win32.ActiveCfg = Release|Win32
		{279D3172-26A6-36BC-8187-1EFC28579F19}.Release|Win32.Build.0 = Release|Win32
		{279D3172-26A6-36BC-8187-1EFC28579F19}.Release|x64.ActiveCfg = Release|x64
		{279D3172-26A6-36BC-8187-1EFC28579F19}.Release|x64.Build.0 = Release|x64
		{614C37C6-2B91-49B3-8692-B8F5E4470319}.Debug|Win32.ActiveCfg = Debug|Win32
		{614C37C6-2B91-49B3-8692-B8F5E4470319}.Debug|Win32.Build.0 = Debug|Win32
		{614C37C6-2B91-49B3-8692-B8F5E4470319}.Debug|x64.ActiveCfg = Debug|x64
		{614C37C6-2B91-49B3-8692-B8F5E4470319}.Debug|x64.Build.0 = Debug|x64
		{614C37C6-2B91-49B3-8692-B8F5E4470319}.Release|Win32.ActiveCfg = Release|Win32
		{614C37C6-2B91-49B3-8692-B8F5E4470319}.Release|Win32.Build.0 = Release|Win32
		{614C37C6-2B91-49B3-8692-B8F5E4470319}.Release|x64.ActiveCfg = Release|x64
		{614C37C6-2B91-49B3-8692-B8F5E4470319}.Release|x64.Build.0 = Release|x64
		{DFC67BE2-7123-42B2-A277-139EBF3D5C22}.Debug|Win32.ActiveCfg = Debug|Win32
		{DFC67BE2-7123-42B2-A277-139EBF3D5C22}.Debug|Win32.Build.0 = Debug|Win32
		{DFC67BE2-7123-42B2-A277-139EBF3D5C22}.Debug|x64.ActiveCfg = Debug|x64
		{DFC67BE2-7123-42B2-A277-139EBF3D5C22}.Debug|x64.Build.0 = Debug|x64
		{DFC67BE2-7123-42B2-A277-139EBF3D5C22}.Release|Win32.ActiveCfg = Release|Win32
		{DFC67BE2-7123-42B2-A277-139EBF3D5C22}.Release|Win32.Build.0 = Release|Win32
		{DFC67BE2-7123-42B2-A277-139EBF3D5C22}.Release|x64.ActiveCfg = Release|x64
		{DFC67BE2-7123-42B2-A277-139EBF3D5C22}.Release|x64.Build.0 = Release|x64
		{F0C54B66-3BD9-4C9E-9AA0-5640412F3122}.Debug|Win32.ActiveCfg = Debug|Win32
		{F0C54B66-3BD9-4C9E-9AA0-5640412F3122}.Debug|Win32.Build.0 = Debug|Win32
		{F0C54B66-3BD9-4C9E-9AA0-5640412F3122}.Debug|x64.ActiveCfg = Debug|x64
		{F0C54B66-3BD9-4C9E-9AA0-5640412F3122}.Debug|x64.Build.0 = Debug|x64
		{F0C54B66-3BD9-4C9E-9AA0-5640412F3122}.Release|Win32.ActiveCfg = Release|Win32
		{F0C54B66-3BD9-4C9E-9AA0-5640412F3122}.Release|Win32.Build.0 = Release|Win32
		{F0C54B66-3BD9-4C9E-9AA0-5640412F3122}.Release|x64.ActiveCfg = Release|x64
		{F0C54B66-3BD9-4C9E-9AA0-5640412F3122}.Release|x64.Build.0 = Release|x64
		{B3E950CA-D3E8-4212-9DD0-1B9695C1BF22}.Debug|Win32.ActiveCfg = Debug|Win32
		{B3E950CA-D3E8-4212-9DD0-1B9695C1BF22}.Debug|Win32.Build.0 = Debug|Win32
		{B3E950CA-D3E8-4212-9DD0-1B9695C1BF22}.Debug|x64.ActiveCfg = Debug|x64
		{B3E950CA-D3E8-4212-9DD0-1B9695C1BF22}.Debug|x64.Build.0 = Debug|x64
		{B3E950CA-D3E8-4212-9DD0-1B9695C1BF22}.Release|Win32.ActiveCfg = Release|Win32
		{B3E950CA-D3E8-4212-9DD0-1B9695C1BF22}.Release|Win32.Build.0 = Release|Win32
		{B3E950CA-D3E8-4212-9DD0-1B9695C1BF22}.Release|x64.ActiveCfg = Release|x64
		{B3E950CA-D3E8-4212-9DD0-1B9695C1BF22}.Release|x64.Build.0 = Release|x64
		{279D3172-26A6-36BC-8187-1EFC28579F22}.Debug|Win32.ActiveCfg = Debug|Win32
		{279D3172-26A6-36BC-8187-1EFC28579F22}.Debug|Win32.Build.0 = Debug|Win32
		{279D3172-26A6-36BC-8187-1EFC28579F22}.Debug|x64.ActiveCfg = Debug|x64
		{279D3172-26A6-36BC-8187-1EFC28579F22}.Debug|x64.Build.0 = Debug|x64
		{279D3172-26A6-36BC-8187-1EFC28579F22}.Release|Win32.ActiveCfg = Release|Win32
		{279D3172-26A6-36BC-8187-1EFC28579F22}.Release|Win32.Build.0 = Release|Win32
		{279D3172-26A6-36BC-8187-1EFC28579F22}.Release|x64.ActiveCfg = Release|x64
		{279D3172-26A6-36BC-8187-1EFC28579F22}.Release|x64.Build.0 = Release|x64
		{614C37C6-2B91-49B3-8692-B8F5E4470322}.Debug|Win32.ActiveCfg = Debug|Win32
		{614C37C6-2B91-49B3-8692-B8F5E4470322}.Debug|Win32.Build.0 = Debug|Win32
		{614C37C6-2B91-49B3-8692-B8F5E4470322}.Debug|x64.ActiveCfg = Debug|x64
		{614C37C6-2B91-49B3-8692-B8F5E4470322}.Debug|x64.Build.0 = Debug|x64
		{614C37C6-2B91-49B3-8692-B8F5E4470322}.Release|Win32.ActiveCfg = Release|Win32
		{614C37C6-2B91-49B3-8692-B8F5E4470322}.Release|Win32.Build.0 = Release|Win32
		{614C37C6-2B91-49B3-8692-B8F5E4470322}.Release|x64.ActiveCfg = Release|x64
		{614C37C6-2B91-49B3-8692-B8F5E4470322}.Release|x64.Build.0 = Release|x64
		{3B1568FE-5373-421D-B37B-2B0C916D2B22}.Debug|Win32.ActiveCfg = Debug|Win32
		{3B1568FE-5373-421D-B37B-2B0C916D2B22}.Debug|Win32.Build.0 = Debug|Win32
		{3B1568FE-5373-421D-B37B-2B0C916D2B22}.Debug|x64.ActiveCfg = Debug|x64
		{3B1568FE-5373-421D-B37B-2B0C916D2B22}.Debug|x64.Build.0 = Debug|x64
		{3B1568FE-5373-421D-B37B-2B0C916D2B22}.Release|Win32.ActiveCfg = Release|Win32
		{3B1568FE-5373-421D-B37B-2B0C916D2B22}.Release|Win32.Build.0 = Release|Win32
		{3B1568FE-5373-421D-B37B-2B0C916D2B22}.Release|x64.ActiveCfg = Release|x64
		{3B1568FE-5373-421D-B37B-2B0C916D2B22}.Release|x64.Build.0 = Release|x64
		{23BC6728-99A6-488F-A900-131A1DF78122}.Debug|Win32.ActiveCfg = Debug|Win32
		{23BC6728-99A6-488F-A900-131A1DF78122}.Debug|Win32.Build.0 = Debug|Win32
		{23BC6728-99A6-488F-A900-131A1DF78122}.Debug|x64.ActiveCfg = Debug|x64
		{23BC6728-99A6-488F-A900-131A1DF78122}.Debug|x64.Build.0 = Debug|x64
		{23BC6728-99A6-488F-A900-131A1DF78122}.Release|Win32.ActiveCfg = Release|Win32
		{23BC6728-99A6-488F-A900-131A1DF78122}.Release|Win32.Build.0 = Release|Win32
		{23BC6728-99A6-488F-A900-131A1DF78122}.Release|x64.ActiveCfg = Release|x64
		{23BC6728-99A6-488F-A900-131A1DF78122}.Release|x64.Build.0 = Release|x64
		{E18291F4-F66C-45A6-BE33-275FC8BF4122}.Debug|Win32.ActiveCfg = Debug|Win32
		{E18291F4-F66C-45A6-BE33-275FC8BF4122}.Debug|Win32.Build.0 = Debug|Win32
		{E18291F4-F66C-45A6-BE33-275FC8BF4122}.Debug|x64.ActiveCfg = Debug|x64
		{E18291F4-F66C-45A6-BE33-275FC8BF4122}.Debug|x64.Build.0 = Debug|x64
		{E18291F4-F66C-45A6-BE33-275FC8BF4122}.Release|Win32.ActiveCfg = Release|Win32
		{E18291F4-F66C-45A6-BE33-275FC8BF4122}.Release|Win32.Build.0 = Release|Win32
		{E18291F4-F66C-45A6-BE33-275FC8BF4122}.Release|x64.ActiveCfg = Release|x64
		{E18291F4-F66C-45A6-BE33-275FC8BF4122}.Release|x64.Build.0 = Release|x64
	EndGlobalSection
	GlobalSection(SolutionProperties) = preSolution
		HideSolutionNode = FALSE
	EndGlobalSection
EndGlobal
