
Microsoft Visual Studio Solution File, Format Version 12.00
# Visual Studio Version 16
VisualStudioVersion = 16.0.30320.27
MinimumVisualStudioVersion = 10.0.40219.1
Project("{8BC9CEB8-8B4A-11D0-8D11-00A0C91BC942}") = "OS_Wrap19", "OS_Wrap\OS_Wrap19.vcxproj", "{F8C0FD47-9EBD-4A5B-ADEB-4BEC4D4F271C}"
EndProject
Project("{8BC9CEB8-8B4A-11D0-8D11-00A0C91BC942}") = "BEMProc19c", "BEMProc\BEMProc19c.vcxproj", "{1DD233D0-9840-4EDE-A53D-B87BD87E1D50}"
EndProject
Project("{8BC9CEB8-8B4A-11D0-8D11-00A0C91BC942}") = "BEMCompiler19c", "BEMCompiler\BEMCompiler19c.vcxproj", "{279D3172-26A6-36BC-8187-1EFC28579F19}"
	ProjectSection(ProjectDependencies) = postProject
		{1DD233D0-9840-4EDE-A53D-B87BD87E1D50} = {1DD233D0-9840-4EDE-A53D-B87BD87E1D50}
	EndProjectSection
EndProject
Project("{8BC9CEB8-8B4A-11D0-8D11-00A0C91BC942}") = "BEMCmpMgr19c", "BEMCmpMgr\BEMCmpMgr19c.vcxproj", "{DFC67BE2-7123-42B2-A277-139EBF3D5C34}"
	ProjectSection(ProjectDependencies) = postProject
		{F8C0FD47-9EBD-4A5B-ADEB-4BEC4D4F271C} = {F8C0FD47-9EBD-4A5B-ADEB-4BEC4D4F271C}
		{1DD233D0-9840-4EDE-A53D-B87BD87E1D50} = {1DD233D0-9840-4EDE-A53D-B87BD87E1D50}
	EndProjectSection
EndProject
Project("{8BC9CEB8-8B4A-11D0-8D11-00A0C91BC942}") = "CBECC-Com19", "CBECCUI\CBECC-Com19.vcxproj", "{F0C54B66-3BD9-4C9E-9AA0-5640412F3191}"
	ProjectSection(ProjectDependencies) = postProject
		{6F465328-30A9-43D7-B8A7-D7740A222191} = {6F465328-30A9-43D7-B8A7-D7740A222191}
		{1DD233D0-9840-4EDE-A53D-B87BD87E1D50} = {1DD233D0-9840-4EDE-A53D-B87BD87E1D50}
		{DFC67BE2-7123-42B2-A277-139EBF3D5C34} = {DFC67BE2-7123-42B2-A277-139EBF3D5C34}
	EndProjectSection
EndProject
Project("{8BC9CEB8-8B4A-11D0-8D11-00A0C91BC942}") = "BEMProcUI19c", "BEMProcUI\BEMProcUI19c.vcxproj", "{6F465328-30A9-43D7-B8A7-D7740A222191}"
	ProjectSection(ProjectDependencies) = postProject
		{1DD233D0-9840-4EDE-A53D-B87BD87E1D50} = {1DD233D0-9840-4EDE-A53D-B87BD87E1D50}
	EndProjectSection
EndProject
Project("{8BC9CEB8-8B4A-11D0-8D11-00A0C91BC942}") = "BEMProc19r", "BEMProc\BEMProc19r.vcxproj", "{B3E950CA-D3E8-4212-9DD0-1B9695C1BF26}"
EndProject
Project("{8BC9CEB8-8B4A-11D0-8D11-00A0C91BC942}") = "BEMCompiler19r", "BEMCompiler\BEMCompiler19r.vcxproj", "{614C37C6-2B91-49B3-8692-B8F5E4470319}"
	ProjectSection(ProjectDependencies) = postProject
		{B3E950CA-D3E8-4212-9DD0-1B9695C1BF26} = {B3E950CA-D3E8-4212-9DD0-1B9695C1BF26}
	EndProjectSection
EndProject
Project("{8BC9CEB8-8B4A-11D0-8D11-00A0C91BC942}") = "BEMCmpMgr19r", "BEMCmpMgr\BEMCmpMgr19r.vcxproj", "{3B1568FE-5373-421D-B37B-2B0C916D2BB7}"
	ProjectSection(ProjectDependencies) = postProject
		{B3E950CA-D3E8-4212-9DD0-1B9695C1BF26} = {B3E950CA-D3E8-4212-9DD0-1B9695C1BF26}
	EndProjectSection
EndProject
Project("{8BC9CEB8-8B4A-11D0-8D11-00A0C91BC942}") = "BEMProcUI19r", "BEMProcUI\BEMProcUI19r.vcxproj", "{23BC6728-99A6-488F-A900-131A1DF78192}"
	ProjectSection(ProjectDependencies) = postProject
		{B3E950CA-D3E8-4212-9DD0-1B9695C1BF26} = {B3E950CA-D3E8-4212-9DD0-1B9695C1BF26}
	EndProjectSection
EndProject
Project("{8BC9CEB8-8B4A-11D0-8D11-00A0C91BC942}") = "CBECC-Res19", "CBECCUI\CBECC-Res19.vcxproj", "{E18291F4-F66C-45A6-BE33-275FC8BF4192}"
	ProjectSection(ProjectDependencies) = postProject
		{23BC6728-99A6-488F-A900-131A1DF78192} = {23BC6728-99A6-488F-A900-131A1DF78192}
		{B3E950CA-D3E8-4212-9DD0-1B9695C1BF26} = {B3E950CA-D3E8-4212-9DD0-1B9695C1BF26}
		{3B1568FE-5373-421D-B37B-2B0C916D2BB7} = {3B1568FE-5373-421D-B37B-2B0C916D2BB7}
	EndProjectSection
EndProject
Project("{8BC9CEB8-8B4A-11D0-8D11-00A0C91BC942}") = "BEMProc22r", "BEMProc\BEMProc22r.vcxproj", "{B3E950CA-D3E8-4212-9DD0-1B9695C1BF22}"
EndProject
Project("{8BC9CEB8-8B4A-11D0-8D11-00A0C91BC942}") = "BEMProc22c", "BEMProc\BEMProc22c.vcxproj", "{1DD233D0-9840-4EDE-A53D-B87BD87E1D22}"
EndProject
Project("{8BC9CEB8-8B4A-11D0-8D11-00A0C91BC942}") = "BEMCompiler22c", "BEMCompiler\BEMCompiler22c.vcxproj", "{279D3172-26A6-36BC-8187-1EFC28579F22}"
	ProjectSection(ProjectDependencies) = postProject
		{1DD233D0-9840-4EDE-A53D-B87BD87E1D22} = {1DD233D0-9840-4EDE-A53D-B87BD87E1D22}
	EndProjectSection
EndProject
Project("{8BC9CEB8-8B4A-11D0-8D11-00A0C91BC942}") = "BEMCompiler22r", "BEMCompiler\BEMCompiler22r.vcxproj", "{614C37C6-2B91-49B3-8692-B8F5E4470322}"
	ProjectSection(ProjectDependencies) = postProject
		{B3E950CA-D3E8-4212-9DD0-1B9695C1BF22} = {B3E950CA-D3E8-4212-9DD0-1B9695C1BF22}
	EndProjectSection
EndProject
Project("{8BC9CEB8-8B4A-11D0-8D11-00A0C91BC942}") = "OS_Wrap22", "OS_Wrap\OS_Wrap22.vcxproj", "{F8C0FD47-9EBD-4A5B-ADEB-4BEC4D4F2722}"
EndProject
Project("{8BC9CEB8-8B4A-11D0-8D11-00A0C91BC942}") = "BEMCmpMgr22c", "BEMCmpMgr\BEMCmpMgr22c.vcxproj", "{DFC67BE2-7123-42B2-A277-139EBF3D5C22}"
	ProjectSection(ProjectDependencies) = postProject
		{F8C0FD47-9EBD-4A5B-ADEB-4BEC4D4F2722} = {F8C0FD47-9EBD-4A5B-ADEB-4BEC4D4F2722}
		{1DD233D0-9840-4EDE-A53D-B87BD87E1D22} = {1DD233D0-9840-4EDE-A53D-B87BD87E1D22}
	EndProjectSection
EndProject
Project("{8BC9CEB8-8B4A-11D0-8D11-00A0C91BC942}") = "BEMCmpMgr22r", "BEMCmpMgr\BEMCmpMgr22r.vcxproj", "{3B1568FE-5373-421D-B37B-2B0C916D2B22}"
	ProjectSection(ProjectDependencies) = postProject
		{B3E950CA-D3E8-4212-9DD0-1B9695C1BF22} = {B3E950CA-D3E8-4212-9DD0-1B9695C1BF22}
	EndProjectSection
EndProject
Project("{8BC9CEB8-8B4A-11D0-8D11-00A0C91BC942}") = "BEMProcUI22c", "BEMProcUI\BEMProcUI22c.vcxproj", "{6F465328-30A9-43D7-B8A7-D7740A222122}"
	ProjectSection(ProjectDependencies) = postProject
		{1DD233D0-9840-4EDE-A53D-B87BD87E1D22} = {1DD233D0-9840-4EDE-A53D-B87BD87E1D22}
	EndProjectSection
EndProject
Project("{8BC9CEB8-8B4A-11D0-8D11-00A0C91BC942}") = "BEMProcUI22r", "BEMProcUI\BEMProcUI22r.vcxproj", "{23BC6728-99A6-488F-A900-131A1DF78122}"
	ProjectSection(ProjectDependencies) = postProject
		{B3E950CA-D3E8-4212-9DD0-1B9695C1BF22} = {B3E950CA-D3E8-4212-9DD0-1B9695C1BF22}
	EndProjectSection
EndProject
Project("{8BC9CEB8-8B4A-11D0-8D11-00A0C91BC942}") = "CBECC-22", "CBECCUI\CBECC-Com22.vcxproj", "{F0C54B66-3BD9-4C9E-9AA0-5640412F3122}"
	ProjectSection(ProjectDependencies) = postProject
		{6F465328-30A9-43D7-B8A7-D7740A222122} = {6F465328-30A9-43D7-B8A7-D7740A222122}
		{1DD233D0-9840-4EDE-A53D-B87BD87E1D22} = {1DD233D0-9840-4EDE-A53D-B87BD87E1D22}
		{DFC67BE2-7123-42B2-A277-139EBF3D5C22} = {DFC67BE2-7123-42B2-A277-139EBF3D5C22}
	EndProjectSection
EndProject
Project("{8BC9CEB8-8B4A-11D0-8D11-00A0C91BC942}") = "CBECC-Res22", "CBECCUI\CBECC-Res22.vcxproj", "{E18291F4-F66C-45A6-BE33-275FC8BF4122}"
	ProjectSection(ProjectDependencies) = postProject
		{23BC6728-99A6-488F-A900-131A1DF78122} = {23BC6728-99A6-488F-A900-131A1DF78122}
		{B3E950CA-D3E8-4212-9DD0-1B9695C1BF22} = {B3E950CA-D3E8-4212-9DD0-1B9695C1BF22}
		{3B1568FE-5373-421D-B37B-2B0C916D2B22} = {3B1568FE-5373-421D-B37B-2B0C916D2B22}
	EndProjectSection
EndProject
Project("{8BC9CEB8-8B4A-11D0-8D11-00A0C91BC942}") = "OS_Wrap25", "OS_Wrap\OS_Wrap25.vcxproj", "{F8C0FD47-9EBD-4A5B-ADEB-4BEC4D4F2725}"
EndProject
Project("{8BC9CEB8-8B4A-11D0-8D11-00A0C91BC942}") = "BEMProc25c", "BEMProc\BEMProc25c.vcxproj", "{1DD233D0-9840-4EDE-A53D-B87BD87E1D25}"
EndProject
Project("{8BC9CEB8-8B4A-11D0-8D11-00A0C91BC942}") = "BEMProcUI25c", "BEMProcUI\BEMProcUI25c.vcxproj", "{6F465328-30A9-43D7-B8A7-D7740A222125}"
	ProjectSection(ProjectDependencies) = postProject
		{1DD233D0-9840-4EDE-A53D-B87BD87E1D25} = {1DD233D0-9840-4EDE-A53D-B87BD87E1D25}
	EndProjectSection
EndProject
Project("{8BC9CEB8-8B4A-11D0-8D11-00A0C91BC942}") = "BEMCompiler25c", "BEMCompiler\BEMCompiler25c.vcxproj", "{279D3172-26A6-36BC-8187-1EFC28579F25}"
	ProjectSection(ProjectDependencies) = postProject
		{1DD233D0-9840-4EDE-A53D-B87BD87E1D25} = {1DD233D0-9840-4EDE-A53D-B87BD87E1D25}
	EndProjectSection
EndProject
Project("{8BC9CEB8-8B4A-11D0-8D11-00A0C91BC942}") = "BEMCmpMgr25c", "BEMCmpMgr\BEMCmpMgr25c.vcxproj", "{DFC67BE2-7123-42B2-A277-139EBF3D5C25}"
	ProjectSection(ProjectDependencies) = postProject
		{F8C0FD47-9EBD-4A5B-ADEB-4BEC4D4F2725} = {F8C0FD47-9EBD-4A5B-ADEB-4BEC4D4F2725}
		{1DD233D0-9840-4EDE-A53D-B87BD87E1D25} = {1DD233D0-9840-4EDE-A53D-B87BD87E1D25}
	EndProjectSection
EndProject
Project("{8BC9CEB8-8B4A-11D0-8D11-00A0C91BC942}") = "CBECC-25", "CBECCUI\CBECC-Com25.vcxproj", "{F0C54B66-3BD9-4C9E-9AA0-5640412F3125}"
	ProjectSection(ProjectDependencies) = postProject
		{6F465328-30A9-43D7-B8A7-D7740A222125} = {6F465328-30A9-43D7-B8A7-D7740A222125}
		{1DD233D0-9840-4EDE-A53D-B87BD87E1D25} = {1DD233D0-9840-4EDE-A53D-B87BD87E1D25}
		{DFC67BE2-7123-42B2-A277-139EBF3D5C25} = {DFC67BE2-7123-42B2-A277-139EBF3D5C25}
	EndProjectSection
EndProject
Project("{8BC9CEB8-8B4A-11D0-8D11-00A0C91BC942}") = "BEMProc25r", "BEMProc\BEMProc25r.vcxproj", "{B3E950CA-D3E8-4212-9DD0-1B9695C1BF25}"
EndProject
Project("{8BC9CEB8-8B4A-11D0-8D11-00A0C91BC942}") = "BEMCompiler25r", "BEMCompiler\BEMCompiler25r.vcxproj", "{614C37C6-2B91-49B3-8692-B8F5E4470325}"
	ProjectSection(ProjectDependencies) = postProject
		{B3E950CA-D3E8-4212-9DD0-1B9695C1BF25} = {B3E950CA-D3E8-4212-9DD0-1B9695C1BF25}
	EndProjectSection
EndProject
Project("{8BC9CEB8-8B4A-11D0-8D11-00A0C91BC942}") = "BEMProcUI25r", "BEMProcUI\BEMProcUI25r.vcxproj", "{23BC6728-99A6-488F-A900-131A1DF78125}"
	ProjectSection(ProjectDependencies) = postProject
		{B3E950CA-D3E8-4212-9DD0-1B9695C1BF25} = {B3E950CA-D3E8-4212-9DD0-1B9695C1BF25}
	EndProjectSection
EndProject
Project("{8BC9CEB8-8B4A-11D0-8D11-00A0C91BC942}") = "BEMCmpMgr25r", "BEMCmpMgr\BEMCmpMgr25r.vcxproj", "{3B1568FE-5373-421D-B37B-2B0C916D2B25}"
	ProjectSection(ProjectDependencies) = postProject
		{B3E950CA-D3E8-4212-9DD0-1B9695C1BF25} = {B3E950CA-D3E8-4212-9DD0-1B9695C1BF25}
	EndProjectSection
EndProject
Project("{8BC9CEB8-8B4A-11D0-8D11-00A0C91BC942}") = "CBECC-Res25", "CBECCUI\CBECC-Res25.vcxproj", "{E18291F4-F66C-45A6-BE33-275FC8BF4125}"
	ProjectSection(ProjectDependencies) = postProject
		{23BC6728-99A6-488F-A900-131A1DF78125} = {23BC6728-99A6-488F-A900-131A1DF78125}
		{B3E950CA-D3E8-4212-9DD0-1B9695C1BF25} = {B3E950CA-D3E8-4212-9DD0-1B9695C1BF25}
		{3B1568FE-5373-421D-B37B-2B0C916D2B25} = {3B1568FE-5373-421D-B37B-2B0C916D2B25}
	EndProjectSection
EndProject
Global
	GlobalSection(SolutionConfigurationPlatforms) = preSolution
		Debug|x64 = Debug|x64
		Debug|x86 = Debug|x86
		Release|x64 = Release|x64
		Release|x86 = Release|x86
	EndGlobalSection
	GlobalSection(ProjectConfigurationPlatforms) = postSolution
		{F8C0FD47-9EBD-4A5B-ADEB-4BEC4D4F271C}.Debug|x64.ActiveCfg = Debug|x64
		{F8C0FD47-9EBD-4A5B-ADEB-4BEC4D4F271C}.Debug|x64.Build.0 = Debug|x64
		{F8C0FD47-9EBD-4A5B-ADEB-4BEC4D4F271C}.Debug|x86.ActiveCfg = Debug|Win32
		{F8C0FD47-9EBD-4A5B-ADEB-4BEC4D4F271C}.Debug|x86.Build.0 = Debug|Win32
		{F8C0FD47-9EBD-4A5B-ADEB-4BEC4D4F271C}.Release|x64.ActiveCfg = Release|x64
		{F8C0FD47-9EBD-4A5B-ADEB-4BEC4D4F271C}.Release|x64.Build.0 = Release|x64
		{F8C0FD47-9EBD-4A5B-ADEB-4BEC4D4F271C}.Release|x86.ActiveCfg = Release|Win32
		{F8C0FD47-9EBD-4A5B-ADEB-4BEC4D4F271C}.Release|x86.Build.0 = Release|Win32
		{1DD233D0-9840-4EDE-A53D-B87BD87E1D50}.Debug|x64.ActiveCfg = Debug|x64
		{1DD233D0-9840-4EDE-A53D-B87BD87E1D50}.Debug|x64.Build.0 = Debug|x64
		{1DD233D0-9840-4EDE-A53D-B87BD87E1D50}.Debug|x86.ActiveCfg = Debug|Win32
		{1DD233D0-9840-4EDE-A53D-B87BD87E1D50}.Debug|x86.Build.0 = Debug|Win32
		{1DD233D0-9840-4EDE-A53D-B87BD87E1D50}.Release|x64.ActiveCfg = Release|x64
		{1DD233D0-9840-4EDE-A53D-B87BD87E1D50}.Release|x64.Build.0 = Release|x64
		{1DD233D0-9840-4EDE-A53D-B87BD87E1D50}.Release|x86.ActiveCfg = Release|Win32
		{1DD233D0-9840-4EDE-A53D-B87BD87E1D50}.Release|x86.Build.0 = Release|Win32
		{279D3172-26A6-36BC-8187-1EFC28579F19}.Debug|x64.ActiveCfg = Debug|x64
		{279D3172-26A6-36BC-8187-1EFC28579F19}.Debug|x64.Build.0 = Debug|x64
		{279D3172-26A6-36BC-8187-1EFC28579F19}.Debug|x86.ActiveCfg = Debug|Win32
		{279D3172-26A6-36BC-8187-1EFC28579F19}.Debug|x86.Build.0 = Debug|Win32
		{279D3172-26A6-36BC-8187-1EFC28579F19}.Release|x64.ActiveCfg = Release|x64
		{279D3172-26A6-36BC-8187-1EFC28579F19}.Release|x64.Build.0 = Release|x64
		{279D3172-26A6-36BC-8187-1EFC28579F19}.Release|x86.ActiveCfg = Release|Win32
		{279D3172-26A6-36BC-8187-1EFC28579F19}.Release|x86.Build.0 = Release|Win32
		{DFC67BE2-7123-42B2-A277-139EBF3D5C34}.Debug|x64.ActiveCfg = Debug|x64
		{DFC67BE2-7123-42B2-A277-139EBF3D5C34}.Debug|x64.Build.0 = Debug|x64
		{DFC67BE2-7123-42B2-A277-139EBF3D5C34}.Debug|x86.ActiveCfg = Debug|Win32
		{DFC67BE2-7123-42B2-A277-139EBF3D5C34}.Debug|x86.Build.0 = Debug|Win32
		{DFC67BE2-7123-42B2-A277-139EBF3D5C34}.Release|x64.ActiveCfg = Release|x64
		{DFC67BE2-7123-42B2-A277-139EBF3D5C34}.Release|x64.Build.0 = Release|x64
		{DFC67BE2-7123-42B2-A277-139EBF3D5C34}.Release|x86.ActiveCfg = Release|Win32
		{DFC67BE2-7123-42B2-A277-139EBF3D5C34}.Release|x86.Build.0 = Release|Win32
		{F0C54B66-3BD9-4C9E-9AA0-5640412F3191}.Debug|x64.ActiveCfg = Debug|x64
		{F0C54B66-3BD9-4C9E-9AA0-5640412F3191}.Debug|x64.Build.0 = Debug|x64
		{F0C54B66-3BD9-4C9E-9AA0-5640412F3191}.Debug|x86.ActiveCfg = Debug|Win32
		{F0C54B66-3BD9-4C9E-9AA0-5640412F3191}.Debug|x86.Build.0 = Debug|Win32
		{F0C54B66-3BD9-4C9E-9AA0-5640412F3191}.Release|x64.ActiveCfg = Release|x64
		{F0C54B66-3BD9-4C9E-9AA0-5640412F3191}.Release|x64.Build.0 = Release|x64
		{F0C54B66-3BD9-4C9E-9AA0-5640412F3191}.Release|x86.ActiveCfg = Release|Win32
		{F0C54B66-3BD9-4C9E-9AA0-5640412F3191}.Release|x86.Build.0 = Release|Win32
		{6F465328-30A9-43D7-B8A7-D7740A222191}.Debug|x64.ActiveCfg = Debug|x64
		{6F465328-30A9-43D7-B8A7-D7740A222191}.Debug|x64.Build.0 = Debug|x64
		{6F465328-30A9-43D7-B8A7-D7740A222191}.Debug|x86.ActiveCfg = Debug|Win32
		{6F465328-30A9-43D7-B8A7-D7740A222191}.Debug|x86.Build.0 = Debug|Win32
		{6F465328-30A9-43D7-B8A7-D7740A222191}.Release|x64.ActiveCfg = Release|x64
		{6F465328-30A9-43D7-B8A7-D7740A222191}.Release|x64.Build.0 = Release|x64
		{6F465328-30A9-43D7-B8A7-D7740A222191}.Release|x86.ActiveCfg = Release|Win32
		{6F465328-30A9-43D7-B8A7-D7740A222191}.Release|x86.Build.0 = Release|Win32
		{B3E950CA-D3E8-4212-9DD0-1B9695C1BF26}.Debug|x64.ActiveCfg = Debug|x64
		{B3E950CA-D3E8-4212-9DD0-1B9695C1BF26}.Debug|x64.Build.0 = Debug|x64
		{B3E950CA-D3E8-4212-9DD0-1B9695C1BF26}.Debug|x86.ActiveCfg = Debug|Win32
		{B3E950CA-D3E8-4212-9DD0-1B9695C1BF26}.Debug|x86.Build.0 = Debug|Win32
		{B3E950CA-D3E8-4212-9DD0-1B9695C1BF26}.Release|x64.ActiveCfg = Release|x64
		{B3E950CA-D3E8-4212-9DD0-1B9695C1BF26}.Release|x64.Build.0 = Release|x64
		{B3E950CA-D3E8-4212-9DD0-1B9695C1BF26}.Release|x86.ActiveCfg = Release|Win32
		{B3E950CA-D3E8-4212-9DD0-1B9695C1BF26}.Release|x86.Build.0 = Release|Win32
		{614C37C6-2B91-49B3-8692-B8F5E4470319}.Debug|x64.ActiveCfg = Debug|x64
		{614C37C6-2B91-49B3-8692-B8F5E4470319}.Debug|x64.Build.0 = Debug|x64
		{614C37C6-2B91-49B3-8692-B8F5E4470319}.Debug|x86.ActiveCfg = Debug|Win32
		{614C37C6-2B91-49B3-8692-B8F5E4470319}.Debug|x86.Build.0 = Debug|Win32
		{614C37C6-2B91-49B3-8692-B8F5E4470319}.Release|x64.ActiveCfg = Release|x64
		{614C37C6-2B91-49B3-8692-B8F5E4470319}.Release|x64.Build.0 = Release|x64
		{614C37C6-2B91-49B3-8692-B8F5E4470319}.Release|x86.ActiveCfg = Release|Win32
		{614C37C6-2B91-49B3-8692-B8F5E4470319}.Release|x86.Build.0 = Release|Win32
		{3B1568FE-5373-421D-B37B-2B0C916D2BB7}.Debug|x64.ActiveCfg = Debug|x64
		{3B1568FE-5373-421D-B37B-2B0C916D2BB7}.Debug|x64.Build.0 = Debug|x64
		{3B1568FE-5373-421D-B37B-2B0C916D2BB7}.Debug|x86.ActiveCfg = Debug|Win32
		{3B1568FE-5373-421D-B37B-2B0C916D2BB7}.Debug|x86.Build.0 = Debug|Win32
		{3B1568FE-5373-421D-B37B-2B0C916D2BB7}.Release|x64.ActiveCfg = Release|x64
		{3B1568FE-5373-421D-B37B-2B0C916D2BB7}.Release|x64.Build.0 = Release|x64
		{3B1568FE-5373-421D-B37B-2B0C916D2BB7}.Release|x86.ActiveCfg = Release|Win32
		{3B1568FE-5373-421D-B37B-2B0C916D2BB7}.Release|x86.Build.0 = Release|Win32
		{23BC6728-99A6-488F-A900-131A1DF78192}.Debug|x64.ActiveCfg = Debug|x64
		{23BC6728-99A6-488F-A900-131A1DF78192}.Debug|x64.Build.0 = Debug|x64
		{23BC6728-99A6-488F-A900-131A1DF78192}.Debug|x86.ActiveCfg = Debug|Win32
		{23BC6728-99A6-488F-A900-131A1DF78192}.Debug|x86.Build.0 = Debug|Win32
		{23BC6728-99A6-488F-A900-131A1DF78192}.Release|x64.ActiveCfg = Release|x64
		{23BC6728-99A6-488F-A900-131A1DF78192}.Release|x64.Build.0 = Release|x64
		{23BC6728-99A6-488F-A900-131A1DF78192}.Release|x86.ActiveCfg = Release|Win32
		{23BC6728-99A6-488F-A900-131A1DF78192}.Release|x86.Build.0 = Release|Win32
		{E18291F4-F66C-45A6-BE33-275FC8BF4192}.Debug|x64.ActiveCfg = Debug|x64
		{E18291F4-F66C-45A6-BE33-275FC8BF4192}.Debug|x64.Build.0 = Debug|x64
		{E18291F4-F66C-45A6-BE33-275FC8BF4192}.Debug|x86.ActiveCfg = Debug|Win32
		{E18291F4-F66C-45A6-BE33-275FC8BF4192}.Debug|x86.Build.0 = Debug|Win32
		{E18291F4-F66C-45A6-BE33-275FC8BF4192}.Release|x64.ActiveCfg = Release|x64
		{E18291F4-F66C-45A6-BE33-275FC8BF4192}.Release|x64.Build.0 = Release|x64
		{E18291F4-F66C-45A6-BE33-275FC8BF4192}.Release|x86.ActiveCfg = Release|Win32
		{E18291F4-F66C-45A6-BE33-275FC8BF4192}.Release|x86.Build.0 = Release|Win32
		{B3E950CA-D3E8-4212-9DD0-1B9695C1BF22}.Debug|x64.ActiveCfg = Debug|x64
		{B3E950CA-D3E8-4212-9DD0-1B9695C1BF22}.Debug|x64.Build.0 = Debug|x64
		{B3E950CA-D3E8-4212-9DD0-1B9695C1BF22}.Debug|x86.ActiveCfg = Debug|Win32
		{B3E950CA-D3E8-4212-9DD0-1B9695C1BF22}.Debug|x86.Build.0 = Debug|Win32
		{B3E950CA-D3E8-4212-9DD0-1B9695C1BF22}.Release|x64.ActiveCfg = Release|x64
		{B3E950CA-D3E8-4212-9DD0-1B9695C1BF22}.Release|x64.Build.0 = Release|x64
		{B3E950CA-D3E8-4212-9DD0-1B9695C1BF22}.Release|x86.ActiveCfg = Release|Win32
		{B3E950CA-D3E8-4212-9DD0-1B9695C1BF22}.Release|x86.Build.0 = Release|Win32
		{1DD233D0-9840-4EDE-A53D-B87BD87E1D22}.Debug|x64.ActiveCfg = Debug|x64
		{1DD233D0-9840-4EDE-A53D-B87BD87E1D22}.Debug|x64.Build.0 = Debug|x64
		{1DD233D0-9840-4EDE-A53D-B87BD87E1D22}.Debug|x86.ActiveCfg = Debug|Win32
		{1DD233D0-9840-4EDE-A53D-B87BD87E1D22}.Debug|x86.Build.0 = Debug|Win32
		{1DD233D0-9840-4EDE-A53D-B87BD87E1D22}.Release|x64.ActiveCfg = Release|x64
		{1DD233D0-9840-4EDE-A53D-B87BD87E1D22}.Release|x64.Build.0 = Release|x64
		{1DD233D0-9840-4EDE-A53D-B87BD87E1D22}.Release|x86.ActiveCfg = Release|Win32
		{1DD233D0-9840-4EDE-A53D-B87BD87E1D22}.Release|x86.Build.0 = Release|Win32
		{279D3172-26A6-36BC-8187-1EFC28579F22}.Debug|x64.ActiveCfg = Debug|x64
		{279D3172-26A6-36BC-8187-1EFC28579F22}.Debug|x64.Build.0 = Debug|x64
		{279D3172-26A6-36BC-8187-1EFC28579F22}.Debug|x86.ActiveCfg = Debug|Win32
		{279D3172-26A6-36BC-8187-1EFC28579F22}.Debug|x86.Build.0 = Debug|Win32
		{279D3172-26A6-36BC-8187-1EFC28579F22}.Release|x64.ActiveCfg = Release|x64
		{279D3172-26A6-36BC-8187-1EFC28579F22}.Release|x64.Build.0 = Release|x64
		{279D3172-26A6-36BC-8187-1EFC28579F22}.Release|x86.ActiveCfg = Release|Win32
		{279D3172-26A6-36BC-8187-1EFC28579F22}.Release|x86.Build.0 = Release|Win32
		{614C37C6-2B91-49B3-8692-B8F5E4470322}.Debug|x64.ActiveCfg = Debug|x64
		{614C37C6-2B91-49B3-8692-B8F5E4470322}.Debug|x64.Build.0 = Debug|x64
		{614C37C6-2B91-49B3-8692-B8F5E4470322}.Debug|x86.ActiveCfg = Debug|Win32
		{614C37C6-2B91-49B3-8692-B8F5E4470322}.Debug|x86.Build.0 = Debug|Win32
		{614C37C6-2B91-49B3-8692-B8F5E4470322}.Release|x64.ActiveCfg = Release|x64
		{614C37C6-2B91-49B3-8692-B8F5E4470322}.Release|x64.Build.0 = Release|x64
		{614C37C6-2B91-49B3-8692-B8F5E4470322}.Release|x86.ActiveCfg = Release|Win32
		{614C37C6-2B91-49B3-8692-B8F5E4470322}.Release|x86.Build.0 = Release|Win32
		{F8C0FD47-9EBD-4A5B-ADEB-4BEC4D4F2722}.Debug|x64.ActiveCfg = Debug|x64
		{F8C0FD47-9EBD-4A5B-ADEB-4BEC4D4F2722}.Debug|x64.Build.0 = Debug|x64
		{F8C0FD47-9EBD-4A5B-ADEB-4BEC4D4F2722}.Debug|x86.ActiveCfg = Debug|Win32
		{F8C0FD47-9EBD-4A5B-ADEB-4BEC4D4F2722}.Debug|x86.Build.0 = Debug|Win32
		{F8C0FD47-9EBD-4A5B-ADEB-4BEC4D4F2722}.Release|x64.ActiveCfg = Release|x64
		{F8C0FD47-9EBD-4A5B-ADEB-4BEC4D4F2722}.Release|x64.Build.0 = Release|x64
		{F8C0FD47-9EBD-4A5B-ADEB-4BEC4D4F2722}.Release|x86.ActiveCfg = Release|Win32
		{F8C0FD47-9EBD-4A5B-ADEB-4BEC4D4F2722}.Release|x86.Build.0 = Release|Win32
		{DFC67BE2-7123-42B2-A277-139EBF3D5C22}.Debug|x64.ActiveCfg = Debug|x64
		{DFC67BE2-7123-42B2-A277-139EBF3D5C22}.Debug|x64.Build.0 = Debug|x64
		{DFC67BE2-7123-42B2-A277-139EBF3D5C22}.Debug|x86.ActiveCfg = Debug|Win32
		{DFC67BE2-7123-42B2-A277-139EBF3D5C22}.Debug|x86.Build.0 = Debug|Win32
		{DFC67BE2-7123-42B2-A277-139EBF3D5C22}.Release|x64.ActiveCfg = Release|x64
		{DFC67BE2-7123-42B2-A277-139EBF3D5C22}.Release|x64.Build.0 = Release|x64
		{DFC67BE2-7123-42B2-A277-139EBF3D5C22}.Release|x86.ActiveCfg = Release|Win32
		{DFC67BE2-7123-42B2-A277-139EBF3D5C22}.Release|x86.Build.0 = Release|Win32
		{3B1568FE-5373-421D-B37B-2B0C916D2B22}.Debug|x64.ActiveCfg = Debug|x64
		{3B1568FE-5373-421D-B37B-2B0C916D2B22}.Debug|x64.Build.0 = Debug|x64
		{3B1568FE-5373-421D-B37B-2B0C916D2B22}.Debug|x86.ActiveCfg = Debug|Win32
		{3B1568FE-5373-421D-B37B-2B0C916D2B22}.Debug|x86.Build.0 = Debug|Win32
		{3B1568FE-5373-421D-B37B-2B0C916D2B22}.Release|x64.ActiveCfg = Release|x64
		{3B1568FE-5373-421D-B37B-2B0C916D2B22}.Release|x64.Build.0 = Release|x64
		{3B1568FE-5373-421D-B37B-2B0C916D2B22}.Release|x86.ActiveCfg = Release|Win32
		{3B1568FE-5373-421D-B37B-2B0C916D2B22}.Release|x86.Build.0 = Release|Win32
		{6F465328-30A9-43D7-B8A7-D7740A222122}.Debug|x64.ActiveCfg = Debug|x64
		{6F465328-30A9-43D7-B8A7-D7740A222122}.Debug|x64.Build.0 = Debug|x64
		{6F465328-30A9-43D7-B8A7-D7740A222122}.Debug|x86.ActiveCfg = Debug|Win32
		{6F465328-30A9-43D7-B8A7-D7740A222122}.Debug|x86.Build.0 = Debug|Win32
		{6F465328-30A9-43D7-B8A7-D7740A222122}.Release|x64.ActiveCfg = Release|x64
		{6F465328-30A9-43D7-B8A7-D7740A222122}.Release|x64.Build.0 = Release|x64
		{6F465328-30A9-43D7-B8A7-D7740A222122}.Release|x86.ActiveCfg = Release|Win32
		{6F465328-30A9-43D7-B8A7-D7740A222122}.Release|x86.Build.0 = Release|Win32
		{23BC6728-99A6-488F-A900-131A1DF78122}.Debug|x64.ActiveCfg = Debug|x64
		{23BC6728-99A6-488F-A900-131A1DF78122}.Debug|x64.Build.0 = Debug|x64
		{23BC6728-99A6-488F-A900-131A1DF78122}.Debug|x86.ActiveCfg = Debug|Win32
		{23BC6728-99A6-488F-A900-131A1DF78122}.Debug|x86.Build.0 = Debug|Win32
		{23BC6728-99A6-488F-A900-131A1DF78122}.Release|x64.ActiveCfg = Release|x64
		{23BC6728-99A6-488F-A900-131A1DF78122}.Release|x64.Build.0 = Release|x64
		{23BC6728-99A6-488F-A900-131A1DF78122}.Release|x86.ActiveCfg = Release|Win32
		{23BC6728-99A6-488F-A900-131A1DF78122}.Release|x86.Build.0 = Release|Win32
		{F0C54B66-3BD9-4C9E-9AA0-5640412F3122}.Debug|x64.ActiveCfg = Debug|x64
		{F0C54B66-3BD9-4C9E-9AA0-5640412F3122}.Debug|x64.Build.0 = Debug|x64
		{F0C54B66-3BD9-4C9E-9AA0-5640412F3122}.Debug|x86.ActiveCfg = Debug|Win32
		{F0C54B66-3BD9-4C9E-9AA0-5640412F3122}.Debug|x86.Build.0 = Debug|Win32
		{F0C54B66-3BD9-4C9E-9AA0-5640412F3122}.Release|x64.ActiveCfg = Release|x64
		{F0C54B66-3BD9-4C9E-9AA0-5640412F3122}.Release|x64.Build.0 = Release|x64
		{F0C54B66-3BD9-4C9E-9AA0-5640412F3122}.Release|x86.ActiveCfg = Release|Win32
		{F0C54B66-3BD9-4C9E-9AA0-5640412F3122}.Release|x86.Build.0 = Release|Win32
		{E18291F4-F66C-45A6-BE33-275FC8BF4122}.Debug|x64.ActiveCfg = Debug|x64
		{E18291F4-F66C-45A6-BE33-275FC8BF4122}.Debug|x64.Build.0 = Debug|x64
		{E18291F4-F66C-45A6-BE33-275FC8BF4122}.Debug|x86.ActiveCfg = Debug|Win32
		{E18291F4-F66C-45A6-BE33-275FC8BF4122}.Debug|x86.Build.0 = Debug|Win32
		{E18291F4-F66C-45A6-BE33-275FC8BF4122}.Release|x64.ActiveCfg = Release|x64
		{E18291F4-F66C-45A6-BE33-275FC8BF4122}.Release|x64.Build.0 = Release|x64
		{E18291F4-F66C-45A6-BE33-275FC8BF4122}.Release|x86.ActiveCfg = Release|Win32
		{E18291F4-F66C-45A6-BE33-275FC8BF4122}.Release|x86.Build.0 = Release|Win32
		{F8C0FD47-9EBD-4A5B-ADEB-4BEC4D4F2725}.Debug|x64.ActiveCfg = Debug|x64
		{F8C0FD47-9EBD-4A5B-ADEB-4BEC4D4F2725}.Debug|x64.Build.0 = Debug|x64
		{F8C0FD47-9EBD-4A5B-ADEB-4BEC4D4F2725}.Debug|x86.ActiveCfg = Debug|Win32
		{F8C0FD47-9EBD-4A5B-ADEB-4BEC4D4F2725}.Debug|x86.Build.0 = Debug|Win32
		{F8C0FD47-9EBD-4A5B-ADEB-4BEC4D4F2725}.Release|x64.ActiveCfg = Release|x64
		{F8C0FD47-9EBD-4A5B-ADEB-4BEC4D4F2725}.Release|x64.Build.0 = Release|x64
		{F8C0FD47-9EBD-4A5B-ADEB-4BEC4D4F2725}.Release|x86.ActiveCfg = Release|Win32
		{F8C0FD47-9EBD-4A5B-ADEB-4BEC4D4F2725}.Release|x86.Build.0 = Release|Win32
		{1DD233D0-9840-4EDE-A53D-B87BD87E1D25}.Debug|x64.ActiveCfg = Debug|x64
		{1DD233D0-9840-4EDE-A53D-B87BD87E1D25}.Debug|x64.Build.0 = Debug|x64
		{1DD233D0-9840-4EDE-A53D-B87BD87E1D25}.Debug|x86.ActiveCfg = Debug|Win32
		{1DD233D0-9840-4EDE-A53D-B87BD87E1D25}.Debug|x86.Build.0 = Debug|Win32
		{1DD233D0-9840-4EDE-A53D-B87BD87E1D25}.Release|x64.ActiveCfg = Release|x64
		{1DD233D0-9840-4EDE-A53D-B87BD87E1D25}.Release|x64.Build.0 = Release|x64
		{1DD233D0-9840-4EDE-A53D-B87BD87E1D25}.Release|x86.ActiveCfg = Release|Win32
		{1DD233D0-9840-4EDE-A53D-B87BD87E1D25}.Release|x86.Build.0 = Release|Win32
		{6F465328-30A9-43D7-B8A7-D7740A222125}.Debug|x64.ActiveCfg = Debug|x64
		{6F465328-30A9-43D7-B8A7-D7740A222125}.Debug|x64.Build.0 = Debug|x64
		{6F465328-30A9-43D7-B8A7-D7740A222125}.Debug|x86.ActiveCfg = Debug|Win32
		{6F465328-30A9-43D7-B8A7-D7740A222125}.Debug|x86.Build.0 = Debug|Win32
		{6F465328-30A9-43D7-B8A7-D7740A222125}.Release|x64.ActiveCfg = Release|x64
		{6F465328-30A9-43D7-B8A7-D7740A222125}.Release|x64.Build.0 = Release|x64
		{6F465328-30A9-43D7-B8A7-D7740A222125}.Release|x86.ActiveCfg = Release|Win32
		{6F465328-30A9-43D7-B8A7-D7740A222125}.Release|x86.Build.0 = Release|Win32
		{279D3172-26A6-36BC-8187-1EFC28579F25}.Debug|x64.ActiveCfg = Debug|x64
		{279D3172-26A6-36BC-8187-1EFC28579F25}.Debug|x64.Build.0 = Debug|x64
		{279D3172-26A6-36BC-8187-1EFC28579F25}.Debug|x86.ActiveCfg = Debug|Win32
		{279D3172-26A6-36BC-8187-1EFC28579F25}.Debug|x86.Build.0 = Debug|Win32
		{279D3172-26A6-36BC-8187-1EFC28579F25}.Release|x64.ActiveCfg = Release|x64
		{279D3172-26A6-36BC-8187-1EFC28579F25}.Release|x64.Build.0 = Release|x64
		{279D3172-26A6-36BC-8187-1EFC28579F25}.Release|x86.ActiveCfg = Release|Win32
		{279D3172-26A6-36BC-8187-1EFC28579F25}.Release|x86.Build.0 = Release|Win32
		{DFC67BE2-7123-42B2-A277-139EBF3D5C25}.Debug|x64.ActiveCfg = Debug|x64
		{DFC67BE2-7123-42B2-A277-139EBF3D5C25}.Debug|x64.Build.0 = Debug|x64
		{DFC67BE2-7123-42B2-A277-139EBF3D5C25}.Debug|x86.ActiveCfg = Debug|Win32
		{DFC67BE2-7123-42B2-A277-139EBF3D5C25}.Debug|x86.Build.0 = Debug|Win32
		{DFC67BE2-7123-42B2-A277-139EBF3D5C25}.Release|x64.ActiveCfg = Release|x64
		{DFC67BE2-7123-42B2-A277-139EBF3D5C25}.Release|x64.Build.0 = Release|x64
		{DFC67BE2-7123-42B2-A277-139EBF3D5C25}.Release|x86.ActiveCfg = Release|Win32
		{DFC67BE2-7123-42B2-A277-139EBF3D5C25}.Release|x86.Build.0 = Release|Win32
		{F0C54B66-3BD9-4C9E-9AA0-5640412F3125}.Debug|x64.ActiveCfg = Debug|x64
		{F0C54B66-3BD9-4C9E-9AA0-5640412F3125}.Debug|x64.Build.0 = Debug|x64
		{F0C54B66-3BD9-4C9E-9AA0-5640412F3125}.Debug|x86.ActiveCfg = Debug|Win32
		{F0C54B66-3BD9-4C9E-9AA0-5640412F3125}.Debug|x86.Build.0 = Debug|Win32
		{F0C54B66-3BD9-4C9E-9AA0-5640412F3125}.Release|x64.ActiveCfg = Release|x64
		{F0C54B66-3BD9-4C9E-9AA0-5640412F3125}.Release|x64.Build.0 = Release|x64
		{F0C54B66-3BD9-4C9E-9AA0-5640412F3125}.Release|x86.ActiveCfg = Release|Win32
		{F0C54B66-3BD9-4C9E-9AA0-5640412F3125}.Release|x86.Build.0 = Release|Win32
		{B3E950CA-D3E8-4212-9DD0-1B9695C1BF25}.Debug|x64.ActiveCfg = Debug|x64
		{B3E950CA-D3E8-4212-9DD0-1B9695C1BF25}.Debug|x64.Build.0 = Debug|x64
		{B3E950CA-D3E8-4212-9DD0-1B9695C1BF25}.Debug|x86.ActiveCfg = Debug|Win32
		{B3E950CA-D3E8-4212-9DD0-1B9695C1BF25}.Debug|x86.Build.0 = Debug|Win32
		{B3E950CA-D3E8-4212-9DD0-1B9695C1BF25}.Release|x64.ActiveCfg = Release|x64
		{B3E950CA-D3E8-4212-9DD0-1B9695C1BF25}.Release|x64.Build.0 = Release|x64
		{B3E950CA-D3E8-4212-9DD0-1B9695C1BF25}.Release|x86.ActiveCfg = Release|Win32
		{B3E950CA-D3E8-4212-9DD0-1B9695C1BF25}.Release|x86.Build.0 = Release|Win32
		{614C37C6-2B91-49B3-8692-B8F5E4470325}.Debug|x64.ActiveCfg = Debug|x64
		{614C37C6-2B91-49B3-8692-B8F5E4470325}.Debug|x64.Build.0 = Debug|x64
		{614C37C6-2B91-49B3-8692-B8F5E4470325}.Debug|x86.ActiveCfg = Debug|Win32
		{614C37C6-2B91-49B3-8692-B8F5E4470325}.Debug|x86.Build.0 = Debug|Win32
		{614C37C6-2B91-49B3-8692-B8F5E4470325}.Release|x64.ActiveCfg = Release|x64
		{614C37C6-2B91-49B3-8692-B8F5E4470325}.Release|x64.Build.0 = Release|x64
		{614C37C6-2B91-49B3-8692-B8F5E4470325}.Release|x86.ActiveCfg = Release|Win32
		{614C37C6-2B91-49B3-8692-B8F5E4470325}.Release|x86.Build.0 = Release|Win32
		{23BC6728-99A6-488F-A900-131A1DF78125}.Debug|x64.ActiveCfg = Debug|x64
		{23BC6728-99A6-488F-A900-131A1DF78125}.Debug|x64.Build.0 = Debug|x64
		{23BC6728-99A6-488F-A900-131A1DF78125}.Debug|x86.ActiveCfg = Debug|Win32
		{23BC6728-99A6-488F-A900-131A1DF78125}.Debug|x86.Build.0 = Debug|Win32
		{23BC6728-99A6-488F-A900-131A1DF78125}.Release|x64.ActiveCfg = Release|x64
		{23BC6728-99A6-488F-A900-131A1DF78125}.Release|x64.Build.0 = Release|x64
		{23BC6728-99A6-488F-A900-131A1DF78125}.Release|x86.ActiveCfg = Release|Win32
		{23BC6728-99A6-488F-A900-131A1DF78125}.Release|x86.Build.0 = Release|Win32
		{3B1568FE-5373-421D-B37B-2B0C916D2B25}.Debug|x64.ActiveCfg = Debug|x64
		{3B1568FE-5373-421D-B37B-2B0C916D2B25}.Debug|x64.Build.0 = Debug|x64
		{3B1568FE-5373-421D-B37B-2B0C916D2B25}.Debug|x86.ActiveCfg = Debug|Win32
		{3B1568FE-5373-421D-B37B-2B0C916D2B25}.Debug|x86.Build.0 = Debug|Win32
		{3B1568FE-5373-421D-B37B-2B0C916D2B25}.Release|x64.ActiveCfg = Release|x64
		{3B1568FE-5373-421D-B37B-2B0C916D2B25}.Release|x64.Build.0 = Release|x64
		{3B1568FE-5373-421D-B37B-2B0C916D2B25}.Release|x86.ActiveCfg = Release|Win32
		{3B1568FE-5373-421D-B37B-2B0C916D2B25}.Release|x86.Build.0 = Release|Win32
		{E18291F4-F66C-45A6-BE33-275FC8BF4125}.Debug|x64.ActiveCfg = Debug|x64
		{E18291F4-F66C-45A6-BE33-275FC8BF4125}.Debug|x64.Build.0 = Debug|x64
		{E18291F4-F66C-45A6-BE33-275FC8BF4125}.Debug|x86.ActiveCfg = Debug|Win32
		{E18291F4-F66C-45A6-BE33-275FC8BF4125}.Debug|x86.Build.0 = Debug|Win32
		{E18291F4-F66C-45A6-BE33-275FC8BF4125}.Release|x64.ActiveCfg = Release|x64
		{E18291F4-F66C-45A6-BE33-275FC8BF4125}.Release|x64.Build.0 = Release|x64
		{E18291F4-F66C-45A6-BE33-275FC8BF4125}.Release|x86.ActiveCfg = Release|Win32
		{E18291F4-F66C-45A6-BE33-275FC8BF4125}.Release|x86.Build.0 = Release|Win32
	EndGlobalSection
	GlobalSection(SolutionProperties) = preSolution
		HideSolutionNode = FALSE
	EndGlobalSection
	GlobalSection(ExtensibilityGlobals) = postSolution
		SolutionGuid = {10A1381B-EFED-4900-8ADB-06290C92BC3D}
	EndGlobalSection
EndGlobal
